{
  "name": "zar",
  "version": "0.0.1",
  "lockfileVersion": 1,
  "requires": true,
  "dependencies": {
    "@analytics/cookie-utils": {
      "version": "0.2.3",
      "resolved": "https://registry.npmjs.org/@analytics/cookie-utils/-/cookie-utils-0.2.3.tgz",
      "integrity": "sha512-RiMAVpSluRbWb2hlT9wMJ0r2l+MUZzScYjY+w2iWRzjOr9Zzzs4tYzJT6Sd94PDz3LzCuf4aGOwS6pkKXTEBLw=="
    },
    "@analytics/core": {
      "version": "0.6.2",
      "resolved": "https://registry.npmjs.org/@analytics/core/-/core-0.6.2.tgz",
      "integrity": "sha512-qXBfef5/HK5RZkGlkVqRKnjFQuPZejU6NLqnzx/DH3EU28w7a7IgUN+qZ2VSWFr3aMtNJ0qVybfHDxcJBtrLtQ==",
      "requires": {
        "analytics-utils": "^0.2.2"
      }
    },
    "@analytics/storage-utils": {
      "version": "0.2.4",
      "resolved": "https://registry.npmjs.org/@analytics/storage-utils/-/storage-utils-0.2.4.tgz",
      "integrity": "sha512-VHRggJbRY8vHIADWVwbq9cZux0L9LdmlN31XA3daVAI4gMkKdQEocxB7KqGDt6SfIJ3NYi/qh1nRJGooYmTBiA==",
      "requires": {
        "@analytics/cookie-utils": "^0.2.3"
      }
    },
    "analytics": {
      "version": "0.5.5",
      "resolved": "https://registry.npmjs.org/analytics/-/analytics-0.5.5.tgz",
      "integrity": "sha512-43JBzud8n1OoN5TUehHpsp38rDyDteFgS9ZPWLyuj5JGc7JgjLAQNN1BCwyM9js4U7LIRxhEyWXPkifndMsOeA==",
      "requires": {
        "@analytics/core": "^0.6.2",
        "@analytics/storage-utils": "^0.2.4"
      }
    },
    "analytics-utils": {
      "version": "0.2.2",
      "resolved": "https://registry.npmjs.org/analytics-utils/-/analytics-utils-0.2.2.tgz",
      "integrity": "sha512-fdbc+MeoNrkwCAbGD/qgedyvRbPnImmWiInAgZ51KpINmKITpdtWV+6riHVA1YBSrb8IyYlfxn98IeWyN9a0+Q==",
      "requires": {
        "@analytics/storage-utils": "^0.2.4",
        "dlv": "^1.1.3"
      }
    },
    "dlv": {
      "version": "1.1.3",
      "resolved": "https://registry.npmjs.org/dlv/-/dlv-1.1.3.tgz",
      "integrity": "sha512-+HlytyjlPKnIG8XuRG8WvmBP8xs8P71y+SKKS6ZXWoEgLuePxtDoUEiH7WkdePWrQ5JBpE6aoVqfZfJUQkjXwA=="
    }
  }
}
